
Microsoft Visual Studio Solution File, Format Version 12.00
# Visual Studio Version 17
VisualStudioVersion = 17.13.36105.23
MinimumVisualStudioVersion = 10.0.40219.1
Project("{FAE04EC0-301F-11D3-BF4B-00C04F79EFBC}") = "CapaNegocio", "CapaNegocio\CapaNegocio.csproj", "{D094F96F-93DD-4DAC-B3EA-C67092E93F17}"
EndProject
Project("{FAE04EC0-301F-11D3-BF4B-00C04F79EFBC}") = "CapaAccesoDatos", "CapaAccesoDatos\CapaAccesoDatos.csproj", "{A584D658-1CB0-4B6A-B645-95D6FB858E68}"
EndProject
Project("{FAE04EC0-301F-11D3-BF4B-00C04F79EFBC}") = "CapaPresentacionAPI", "CapaPresentacionAPI\CapaPresentacionAPI.csproj", "{5109D2BA-6F44-430D-BA3C-67AB4A1B86D6}"
EndProject
Project("{FAE04EC0-301F-11D3-BF4B-00C04F79EFBC}") = "CapaDatosMemoria", "CapaDatosMemoria\CapaDatosMemoria.csproj", "{031E85D3-3C2C-49F7-A6F5-01145CE6AC18}"
EndProject
Project("{FAE04EC0-301F-11D3-BF4B-00C04F79EFBC}") = "CapaNegocioTest", "CapaNegocioTest\CapaNegocioTest.csproj", "{3F83E1FA-8C1D-4577-AB79-A423E3BD2A45}"
EndProject
Global
	GlobalSection(SolutionConfigurationPlatforms) = preSolution
		Debug|Any CPU = Debug|Any CPU
		Release|Any CPU = Release|Any CPU
	EndGlobalSection
	GlobalSection(ProjectConfigurationPlatforms) = postSolution
		{D094F96F-93DD-4DAC-B3EA-C67092E93F17}.Debug|Any CPU.ActiveCfg = Debug|Any CPU
		{D094F96F-93DD-4DAC-B3EA-C67092E93F17}.Debug|Any CPU.Build.0 = Debug|Any CPU
		{D094F96F-93DD-4DAC-B3EA-C67092E93F17}.Release|Any CPU.ActiveCfg = Release|Any CPU
		{D094F96F-93DD-4DAC-B3EA-C67092E93F17}.Release|Any CPU.Build.0 = Release|Any CPU
		{A584D658-1CB0-4B6A-B645-95D6FB858E68}.Debug|Any CPU.ActiveCfg = Debug|Any CPU
		{A584D658-1CB0-4B6A-B645-95D6FB858E68}.Debug|Any CPU.Build.0 = Debug|Any CPU
		{A584D658-1CB0-4B6A-B645-95D6FB858E68}.Release|Any CPU.ActiveCfg = Release|Any CPU
		{A584D658-1CB0-4B6A-B645-95D6FB858E68}.Release|Any CPU.Build.0 = Release|Any CPU
		{5109D2BA-6F44-430D-BA3C-67AB4A1B86D6}.Debug|Any CPU.ActiveCfg = Debug|Any CPU
		{5109D2BA-6F44-430D-BA3C-67AB4A1B86D6}.Debug|Any CPU.Build.0 = Debug|Any CPU
		{5109D2BA-6F44-430D-BA3C-67AB4A1B86D6}.Release|Any CPU.ActiveCfg = Release|Any CPU
		{5109D2BA-6F44-430D-BA3C-67AB4A1B86D6}.Release|Any CPU.Build.0 = Release|Any CPU
		{031E85D3-3C2C-49F7-A6F5-01145CE6AC18}.Debug|Any CPU.ActiveCfg = Debug|Any CPU
		{031E85D3-3C2C-49F7-A6F5-01145CE6AC18}.Debug|Any CPU.Build.0 = Debug|Any CPU
		{031E85D3-3C2C-49F7-A6F5-01145CE6AC18}.Release|Any CPU.ActiveCfg = Release|Any CPU
		{031E85D3-3C2C-49F7-A6F5-01145CE6AC18}.Release|Any CPU.Build.0 = Release|Any CPU
		{3F83E1FA-8C1D-4577-AB79-A423E3BD2A45}.Debug|Any CPU.ActiveCfg = Debug|Any CPU
		{3F83E1FA-8C1D-4577-AB79-A423E3BD2A45}.Debug|Any CPU.Build.0 = Debug|Any CPU
		{3F83E1FA-8C1D-4577-AB79-A423E3BD2A45}.Release|Any CPU.ActiveCfg = Release|Any CPU
		{3F83E1FA-8C1D-4577-AB79-A423E3BD2A45}.Release|Any CPU.Build.0 = Release|Any CPU
	EndGlobalSection
	GlobalSection(SolutionProperties) = preSolution
		HideSolutionNode = FALSE
	EndGlobalSection
	GlobalSection(ExtensibilityGlobals) = postSolution
		SolutionGuid = {7F3B3049-B52B-4A6C-AB94-7428B54E71B1}
	EndGlobalSection
EndGlobal
